
Microsoft Visual Studio Solution File, Format Version 12.00
# Visual Studio 2013
VisualStudioVersion = 12.0.31101.0
MinimumVisualStudioVersion = 10.0.40219.1
Project("{FAE04EC0-301F-11D3-BF4B-00C04F79EFBC}") = "Lombard.ImageExchange.Nab.OutboundService", "Lombard.ImageExchange.Nab.OutboundService\Lombard.ImageExchange.Nab.OutboundService.csproj", "{B1FA1073-CAE4-4048-B9DA-396742BE1F6F}"
EndProject
Project("{FAE04EC0-301F-11D3-BF4B-00C04F79EFBC}") = "Lombard.ImageExchange.Nab.UnitTests", "Lombard.ImageExchange.Nab.UnitTests\Lombard.ImageExchange.Nab.UnitTests.csproj", "{10D0A8C0-6690-4EE3-A5ED-204F9E0118C9}"
EndProject
Project("{FAE04EC0-301F-11D3-BF4B-00C04F79EFBC}") = "Lombard.ImageExchange.Nab.IntegrationTests", "Lombard.ImageExchange.Nab.IntegrationTests\Lombard.ImageExchange.Nab.IntegrationTests.csproj", "{3A29154B-937D-49CD-A2E1-D51BA1FAA4BA}"
EndProject
Global
	GlobalSection(TeamFoundationVersionControl) = preSolution
		SccNumberOfProjects = 4
		SccEnterpriseProvider = {4CA58AB2-18FA-4F8D-95D4-32DDF27D184C}
		SccTeamFoundationServer = http://tfs.bps.epn.local:8080/tfs/bpsprojects
		SccLocalPath0 = .
		SccProjectUniqueName1 = Lombard.ImageExchange.Nab.OutboundService\\Lombard.ImageExchange.Nab.OutboundService.csproj
		SccProjectName1 = Lombard.ImageExchange.Nab.OutboundService
		SccLocalPath1 = Lombard.ImageExchange.Nab.OutboundService
		SccProjectUniqueName2 = Lombard.ImageExchange.Nab.UnitTests\\Lombard.ImageExchange.Nab.UnitTests.csproj
		SccProjectName2 = Lombard.ImageExchange.Nab.UnitTests
		SccLocalPath2 = Lombard.ImageExchange.Nab.UnitTests
		SccProjectUniqueName3 = Lombard.ImageExchange.Nab.IntegrationTests\\Lombard.ImageExchange.Nab.IntegrationTests.csproj
		SccProjectName3 = Lombard.ImageExchange.Nab.IntegrationTests
		SccLocalPath3 = Lombard.ImageExchange.Nab.IntegrationTests
	EndGlobalSection
	GlobalSection(SolutionConfigurationPlatforms) = preSolution
		Debug|Any CPU = Debug|Any CPU
		Release|Any CPU = Release|Any CPU
	EndGlobalSection
	GlobalSection(ProjectConfigurationPlatforms) = postSolution
		{B1FA1073-CAE4-4048-B9DA-396742BE1F6F}.Debug|Any CPU.ActiveCfg = Debug|Any CPU
		{B1FA1073-CAE4-4048-B9DA-396742BE1F6F}.Debug|Any CPU.Build.0 = Debug|Any CPU
		{B1FA1073-CAE4-4048-B9DA-396742BE1F6F}.Release|Any CPU.ActiveCfg = Release|Any CPU
		{B1FA1073-CAE4-4048-B9DA-396742BE1F6F}.Release|Any CPU.Build.0 = Release|Any CPU
		{10D0A8C0-6690-4EE3-A5ED-204F9E0118C9}.Debug|Any CPU.ActiveCfg = Debug|Any CPU
		{10D0A8C0-6690-4EE3-A5ED-204F9E0118C9}.Debug|Any CPU.Build.0 = Debug|Any CPU
		{10D0A8C0-6690-4EE3-A5ED-204F9E0118C9}.Release|Any CPU.ActiveCfg = Release|Any CPU
		{10D0A8C0-6690-4EE3-A5ED-204F9E0118C9}.Release|Any CPU.Build.0 = Release|Any CPU
		{3A29154B-937D-49CD-A2E1-D51BA1FAA4BA}.Debug|Any CPU.ActiveCfg = Debug|Any CPU
		{3A29154B-937D-49CD-A2E1-D51BA1FAA4BA}.Debug|Any CPU.Build.0 = Debug|Any CPU
		{3A29154B-937D-49CD-A2E1-D51BA1FAA4BA}.Release|Any CPU.ActiveCfg = Release|Any CPU
		{3A29154B-937D-49CD-A2E1-D51BA1FAA4BA}.Release|Any CPU.Build.0 = Release|Any CPU
	EndGlobalSection
	GlobalSection(SolutionProperties) = preSolution
		HideSolutionNode = FALSE
	EndGlobalSection
EndGlobal
