
Microsoft Visual Studio Solution File, Format Version 12.00
# Visual Studio 2013
VisualStudioVersion = 12.0.31101.0
MinimumVisualStudioVersion = 10.0.40219.1
Project("{FAE04EC0-301F-11D3-BF4B-00C04F79EFBC}") = "Lombard.Common", "Lombard.Common\Lombard.Common.csproj", "{0C048909-C7C8-4809-B056-A418C908C194}"
EndProject
Project("{FAE04EC0-301F-11D3-BF4B-00C04F79EFBC}") = "Lombard.Common.UnitTests", "Lombard.Common.UnitTests\Lombard.Common.UnitTests.csproj", "{FEC67868-9656-4785-B97B-A81C2CCDA602}"
EndProject
Project("{2150E333-8FDC-42A3-9474-1A3956D46DE8}") = "QA", "QA", "{C3715422-DBF8-4905-8653-DE5DBCD90950}"
	ProjectSection(SolutionItems) = preProject
		QA\LombardSettings.StyleCop = QA\LombardSettings.StyleCop
	EndProjectSection
EndProject
Global
	GlobalSection(TeamFoundationVersionControl) = preSolution
		SccNumberOfProjects = 1
		SccEnterpriseProvider = {4CA58AB2-18FA-4F8D-95D4-32DDF27D184C}
		SccTeamFoundationServer = http://tfs.bps.epn.local:8080/tfs/bpsprojects
		SccProjectUniqueName0 = Lombard.Common\\Lombard.Common.csproj
		SccProjectName0 = Lombard.Common
		SccAuxPath0 = http://tfs.bps.epn.local:8080/tfs/bpsprojects
		SccLocalPath0 = Lombard.Common
		SccProvider0 = {4CA58AB2-18FA-4F8D-95D4-32DDF27D184C}
	EndGlobalSection
	GlobalSection(SolutionConfigurationPlatforms) = preSolution
		Debug|Any CPU = Debug|Any CPU
		Release|Any CPU = Release|Any CPU
	EndGlobalSection
	GlobalSection(ProjectConfigurationPlatforms) = postSolution
		{0C048909-C7C8-4809-B056-A418C908C194}.Debug|Any CPU.ActiveCfg = Debug|Any CPU
		{0C048909-C7C8-4809-B056-A418C908C194}.Debug|Any CPU.Build.0 = Debug|Any CPU
		{0C048909-C7C8-4809-B056-A418C908C194}.Release|Any CPU.ActiveCfg = Release|Any CPU
		{0C048909-C7C8-4809-B056-A418C908C194}.Release|Any CPU.Build.0 = Release|Any CPU
		{FEC67868-9656-4785-B97B-A81C2CCDA602}.Debug|Any CPU.ActiveCfg = Debug|Any CPU
		{FEC67868-9656-4785-B97B-A81C2CCDA602}.Debug|Any CPU.Build.0 = Debug|Any CPU
		{FEC67868-9656-4785-B97B-A81C2CCDA602}.Release|Any CPU.ActiveCfg = Release|Any CPU
		{FEC67868-9656-4785-B97B-A81C2CCDA602}.Release|Any CPU.Build.0 = Release|Any CPU
	EndGlobalSection
	GlobalSection(SolutionProperties) = preSolution
		HideSolutionNode = FALSE
	EndGlobalSection
EndGlobal
