
Microsoft Visual Studio Solution File, Format Version 12.00
# Visual Studio 2013
VisualStudioVersion = 12.0.31101.0
MinimumVisualStudioVersion = 10.0.40219.1
Project("{FAE04EC0-301F-11D3-BF4B-00C04F79EFBC}") = "Lombard.Dips.Data.Migrator", "Lombard.Dips.Data.Migrator\Lombard.Dips.Data.Migrator.csproj", "{F48F0025-8723-4E45-8CA2-8A14437A0643}"
EndProject
Project("{FAE04EC0-301F-11D3-BF4B-00C04F79EFBC}") = "Lombard.Dips.Data", "Lombard.Dips.Data\Lombard.Dips.Data.csproj", "{C00951EA-7918-4201-AEDA-642E1D273DAC}"
EndProject
Global
	GlobalSection(TeamFoundationVersionControl) = preSolution
		SccNumberOfProjects = 3
		SccEnterpriseProvider = {4CA58AB2-18FA-4F8D-95D4-32DDF27D184C}
		SccTeamFoundationServer = http://tfs.bps.epn.local:8080/tfs/bpsprojects
		SccLocalPath0 = .
		SccProjectUniqueName1 = Lombard.Dips.Data.Migrator\\Lombard.Dips.Data.Migrator.csproj
		SccProjectName1 = Lombard.Dips.Data.Migrator
		SccLocalPath1 = Lombard.Dips.Data.Migrator
		SccProjectUniqueName2 = Lombard.Dips.Data\\Lombard.Dips.Data.csproj
		SccProjectName2 = Lombard.Dips.Data
		SccLocalPath2 = Lombard.Dips.Data
	EndGlobalSection
	GlobalSection(SolutionConfigurationPlatforms) = preSolution
		Debug|Any CPU = Debug|Any CPU
		Release|Any CPU = Release|Any CPU
	EndGlobalSection
	GlobalSection(ProjectConfigurationPlatforms) = postSolution
		{F48F0025-8723-4E45-8CA2-8A14437A0643}.Debug|Any CPU.ActiveCfg = Debug|Any CPU
		{F48F0025-8723-4E45-8CA2-8A14437A0643}.Debug|Any CPU.Build.0 = Debug|Any CPU
		{F48F0025-8723-4E45-8CA2-8A14437A0643}.Release|Any CPU.ActiveCfg = Release|Any CPU
		{F48F0025-8723-4E45-8CA2-8A14437A0643}.Release|Any CPU.Build.0 = Release|Any CPU
		{C00951EA-7918-4201-AEDA-642E1D273DAC}.Debug|Any CPU.ActiveCfg = Debug|Any CPU
		{C00951EA-7918-4201-AEDA-642E1D273DAC}.Debug|Any CPU.Build.0 = Debug|Any CPU
		{C00951EA-7918-4201-AEDA-642E1D273DAC}.Release|Any CPU.ActiveCfg = Release|Any CPU
		{C00951EA-7918-4201-AEDA-642E1D273DAC}.Release|Any CPU.Build.0 = Release|Any CPU
	EndGlobalSection
	GlobalSection(SolutionProperties) = preSolution
		HideSolutionNode = FALSE
	EndGlobalSection
EndGlobal
